<?xml version="1.0" encoding="utf-8"?>
<Project ToolsVersion="4.0" xmlns="http://schemas.microsoft.com/developer/msbuild/2003">
  <ItemGroup>
    <Filter Include="Source Files">
      <UniqueIdentifier>{4FC737F1-C7A5-4376-A066-2A32D752A2FF}</UniqueIdentifier>
      <Extensions>cpp;c;cc;cxx;def;odl;idl;hpj;bat;asm;asmx</Extensions>
    </Filter>
    <Filter Include="Header Files">
      <UniqueIdentifier>{93995380-89BD-4b04-88EB-625FBE52EBFB}</UniqueIdentifier>
      <Extensions>h;hh;hpp;hxx;hm;inl;inc;ipp;xsd</Extensions>
    </Filter>
    <Filter Include="Resource Files">
      <UniqueIdentifier>{67DA6AB6-F800-4c08-8B7A-83BB121AAD01}</UniqueIdentifier>
      <Extensions>rc;ico;cur;bmp;dlg;rc2;rct;bin;rgs;gif;jpg;jpeg;jpe;resx;tiff;tif;png;wav;mfcribbon-ms</Extensions>
    </Filter>
    <Filter Include="Source Files\screens">
      <UniqueIdentifier>{e1952fc0-01ad-430b-82b4-efa8224f20ee}</UniqueIdentifier>
    </Filter>
    <Filter Include="Source Files\entities">
      <UniqueIdentifier>{a325a76c-a813-42ae-9a27-77cb558370c0}</UniqueIdentifier>
    </Filter>
    <Filter Include="Header Files\screens">
      <UniqueIdentifier>{65a43bc1-65a6-4b80-b9b8-dbab781751f3}</UniqueIdentifier>
    </Filter>
    <Filter Include="Header Files\entities">
      <UniqueIdentifier>{52a68611-daeb-4dd5-9a57-0edbf62f31df}</UniqueIdentifier>
    </Filter>
  </ItemGroup>
  <ItemGroup>
    <ClCompile Include="SpaceDelta.cpp">
      <Filter>Source Files</Filter>
    </ClCompile>
    <ClCompile Include="GameManager.cpp">
      <Filter>Source Files</Filter>
    </ClCompile>
    <ClCompile Include="ConfigManager.cpp">
      <Filter>Source Files</Filter>
    </ClCompile>
    <ClCompile Include="SoundManager.cpp">
      <Filter>Source Files</Filter>
    </ClCompile>
    <ClCompile Include="screens\MainMenu.cpp">
      <Filter>Source Files</Filter>
    </ClCompile>
    <ClCompile Include="Utility.cpp">
      <Filter>Source Files</Filter>
    </ClCompile>
    <ClCompile Include="screens\GameScreen.cpp">
      <Filter>Source Files</Filter>
    </ClCompile>
    <ClCompile Include="Sprite.cpp">
      <Filter>Source Files</Filter>
    </ClCompile>
    <ClCompile Include="screens\GFXSettingsMenu.cpp">
      <Filter>Source Files\screens</Filter>
    </ClCompile>
    <ClCompile Include="screens\SettingsMenu.cpp">
      <Filter>Source Files\screens</Filter>
    </ClCompile>
    <ClCompile Include="screens\SoundSettingsMenu.cpp">
      <Filter>Source Files\screens</Filter>
    </ClCompile>
    <ClCompile Include="screens\GameHelpScreen.cpp">
      <Filter>Source Files\screens</Filter>
    </ClCompile>
    <ClCompile Include="screens\GameIntroScreen.cpp">
      <Filter>Source Files\screens</Filter>
    </ClCompile>
    <ClCompile Include="screens\CreditsScreen.cpp">
      <Filter>Source Files\screens</Filter>
    </ClCompile>
    <ClCompile Include="entities\PlayerShip.cpp">
      <Filter>Source Files\entities</Filter>
    </ClCompile>
    <ClCompile Include="entities\EnemyShip.cpp">
      <Filter>Source Files\entities</Filter>
    </ClCompile>
    <ClCompile Include="entities\Bullet.cpp">
      <Filter>Source Files\entities</Filter>
    </ClCompile>
    <ClCompile Include="entities\Explosion.cpp">
      <Filter>Source Files</Filter>
    </ClCompile>
    <ClCompile Include="entities\MineBomb.cpp">
      <Filter>Source Files</Filter>
    </ClCompile>
  </ItemGroup>
  <ItemGroup>
    <Image Include="assets\ui-elem\loading-banner.bmp">
      <Filter>Resource Files</Filter>
    </Image>
    <Image Include="assets\ui-elem\banner.bmp">
      <Filter>Resource Files</Filter>
    </Image>
    <Image Include="assets\sprites\bluebigspaceship.png">
      <Filter>Resource Files</Filter>
    </Image>
    <Image Include="assets\sprites\BlueSmallShip.png">
      <Filter>Resource Files</Filter>
    </Image>
    <Image Include="assets\sprites\bullet.png">
      <Filter>Resource Files</Filter>
    </Image>
    <Image Include="assets\sprites\bullet_red.png">
      <Filter>Resource Files</Filter>
    </Image>
    <Image Include="assets\sprites\hub-red.png">
      <Filter>Resource Files</Filter>
    </Image>
    <Image Include="assets\sprites\mines.png">
      <Filter>Resource Files</Filter>
    </Image>
    <Image Include="assets\sprites\mothership_try.png">
      <Filter>Resource Files</Filter>
    </Image>
    <Image Include="assets\sprites\redbig.png">
      <Filter>Resource Files</Filter>
    </Image>
    <Image Include="assets\sprites\red-smallship.png">
      <Filter>Resource Files</Filter>
    </Image>
    <Image Include="assets\ui-elem\font.bmp">
      <Filter>Resource Files</Filter>
    </Image>
    <Image Include="assets\backgrounds\mainmenu-bg.bmp">
      <Filter>Resource Files</Filter>
    </Image>
    <Image Include="assets\backgrounds\background-menus.bmp">
      <Filter>Resource Files</Filter>
    </Image>
    <Image Include="assets\backgrounds\game-bg.bmp">
      <Filter>Resource Files</Filter>
    </Image>
    <Image Include="assets\ui-elem\mainmenu-buttons.bmp">
      <Filter>Resource Files</Filter>
    </Image>
    <Image Include="assets\ui-elem\cursor-hand.bmp">
      <Filter>Resource Files</Filter>
    </Image>
    <Image Include="assets\ui-elem\pointer.bmp">
      <Filter>Resource Files</Filter>
    </Image>
    <Image Include="assets\ui-elem\help-banner.bmp">
      <Filter>Resource Files</Filter>
    </Image>
    <Image Include="assets\sprites\player-spritesheet.png">
      <Filter>Resource Files</Filter>
    </Image>
    <Image Include="assets\sprites\player-spritesheet.bmp">
      <Filter>Resource Files</Filter>
    </Image>
    <Image Include="assets\sprites\hub-red.bmp">
      <Filter>Resource Files</Filter>
    </Image>
    <Image Include="assets\sprites\explosion.bmp">
      <Filter>Resource Files</Filter>
    </Image>
    <Image Include="assets\sprites\mines.bmp">
      <Filter>Resource Files</Filter>
    </Image>
  </ItemGroup>
  <ItemGroup>
    <ClInclude Include="constants.h">
      <Filter>Header Files</Filter>
    </ClInclude>
    <ClInclude Include="GameManager.h">
      <Filter>Header Files</Filter>
    </ClInclude>
    <ClInclude Include="ConfigManager.h">
      <Filter>Header Files</Filter>
    </ClInclude>
    <ClInclude Include="SoundManager.h">
      <Filter>Header Files</Filter>
    </ClInclude>
    <ClInclude Include="Utility.h">
      <Filter>Header Files</Filter>
    </ClInclude>
    <ClInclude Include="Sprite.h">
      <Filter>Header Files</Filter>
    </ClInclude>
    <ClInclude Include="screens\CreditsScreen.h">
      <Filter>Header Files\screens</Filter>
    </ClInclude>
    <ClInclude Include="screens\GameHelpScreen.h">
      <Filter>Header Files\screens</Filter>
    </ClInclude>
    <ClInclude Include="screens\GameIntroScreen.h">
      <Filter>Header Files\screens</Filter>
    </ClInclude>
    <ClInclude Include="screens\GameScreen.h">
      <Filter>Header Files\screens</Filter>
    </ClInclude>
    <ClInclude Include="screens\MainMenu.h">
      <Filter>Header Files\screens</Filter>
    </ClInclude>
    <ClInclude Include="screens\SettingsMenu.h">
      <Filter>Header Files\screens</Filter>
    </ClInclude>
    <ClInclude Include="screens\GFXSettingsMenu.h">
      <Filter>Header Files\screens</Filter>
    </ClInclude>
    <ClInclude Include="screens\SoundSettingsMenu.h">
      <Filter>Header Files\screens</Filter>
    </ClInclude>
    <ClInclude Include="entities\PlayerShip.h">
      <Filter>Header Files\entities</Filter>
    </ClInclude>
    <ClInclude Include="entities\Bullet.h">
      <Filter>Header Files\entities</Filter>
    </ClInclude>
    <ClInclude Include="entities\EnemyShip.h">
      <Filter>Header Files\entities</Filter>
    </ClInclude>
    <ClInclude Include="entities\Explosion.h">
      <Filter>Header Files</Filter>
    </ClInclude>
    <ClInclude Include="entities\MineBomb.h">
      <Filter>Header Files</Filter>
    </ClInclude>
  </ItemGroup>
  <ItemGroup>
    <None Include="SpaceDelta.cfg" />
    <None Include="assets\font-36.pcx" />
    <None Include="assets\font-tnr-16.pcx" />
    <None Include="assets\sounds\music.mid" />
    <None Include=".gitignore" />
  </ItemGroup>
  <ItemGroup>
    <Media Include="assets\sounds\boing.wav">
      <Filter>Resource Files</Filter>
    </Media>
    <Media Include="assets\sounds\buzzer.wav">
      <Filter>Resource Files</Filter>
    </Media>
    <Media Include="assets\sounds\cheering.wav">
      <Filter>Resource Files</Filter>
    </Media>
    <Media Include="assets\sounds\click.wav">
      <Filter>Resource Files</Filter>
    </Media>
    <Media Include="assets\sounds\whah_whah.wav">
      <Filter>Resource Files</Filter>
    </Media>
  </ItemGroup>
</Project>